
Microsoft Visual Studio Solution File, Format Version 12.00
# Visual Studio Version 17
VisualStudioVersion = 17.0.31903.59
MinimumVisualStudioVersion = 10.0.40219.1
Project("{2150E333-8FDC-42A3-9474-1A3956D46DE8}") = "src", "src", "{2E248478-B55F-497D-837B-440ED915F8B1}"
EndProject
Project("{FAE04EC0-301F-11D3-BF4B-00C04F79EFBC}") = "AdministradorTareas.Dominio", "src\AdministradorTareas.Dominio\AdministradorTareas.Dominio.csproj", "{CF67165B-F050-4E4F-802F-E69C875CCE93}"
EndProject
Project("{FAE04EC0-301F-11D3-BF4B-00C04F79EFBC}") = "AdministradorTareas.Infraestructura", "src\AdministradorTareas.Infraestructura\AdministradorTareas.Infraestructura.csproj", "{20D7F61B-EBB9-4DED-A621-871E8A35D36B}"
EndProject
Project("{FAE04EC0-301F-11D3-BF4B-00C04F79EFBC}") = "AdministradorTareas.Presentacion", "src\AdministradorTareas.Presentacion\AdministradorTareas.Presentacion.csproj", "{E7071EB8-8F58-4689-9AD1-441D9F467602}"
EndProject
Global
	GlobalSection(SolutionConfigurationPlatforms) = preSolution
		Debug|Any CPU = Debug|Any CPU
		Release|Any CPU = Release|Any CPU
	EndGlobalSection
	GlobalSection(SolutionProperties) = preSolution
		HideSolutionNode = FALSE
	EndGlobalSection
	GlobalSection(ProjectConfigurationPlatforms) = postSolution
		{CF67165B-F050-4E4F-802F-E69C875CCE93}.Debug|Any CPU.ActiveCfg = Debug|Any CPU
		{CF67165B-F050-4E4F-802F-E69C875CCE93}.Debug|Any CPU.Build.0 = Debug|Any CPU
		{CF67165B-F050-4E4F-802F-E69C875CCE93}.Release|Any CPU.ActiveCfg = Release|Any CPU
		{CF67165B-F050-4E4F-802F-E69C875CCE93}.Release|Any CPU.Build.0 = Release|Any CPU
		{20D7F61B-EBB9-4DED-A621-871E8A35D36B}.Debug|Any CPU.ActiveCfg = Debug|Any CPU
		{20D7F61B-EBB9-4DED-A621-871E8A35D36B}.Debug|Any CPU.Build.0 = Debug|Any CPU
		{20D7F61B-EBB9-4DED-A621-871E8A35D36B}.Release|Any CPU.ActiveCfg = Release|Any CPU
		{20D7F61B-EBB9-4DED-A621-871E8A35D36B}.Release|Any CPU.Build.0 = Release|Any CPU
		{E7071EB8-8F58-4689-9AD1-441D9F467602}.Debug|Any CPU.ActiveCfg = Debug|Any CPU
		{E7071EB8-8F58-4689-9AD1-441D9F467602}.Debug|Any CPU.Build.0 = Debug|Any CPU
		{E7071EB8-8F58-4689-9AD1-441D9F467602}.Release|Any CPU.ActiveCfg = Release|Any CPU
		{E7071EB8-8F58-4689-9AD1-441D9F467602}.Release|Any CPU.Build.0 = Release|Any CPU
	EndGlobalSection
	GlobalSection(NestedProjects) = preSolution
		{CF67165B-F050-4E4F-802F-E69C875CCE93} = {2E248478-B55F-497D-837B-440ED915F8B1}
		{20D7F61B-EBB9-4DED-A621-871E8A35D36B} = {2E248478-B55F-497D-837B-440ED915F8B1}
		{E7071EB8-8F58-4689-9AD1-441D9F467602} = {2E248478-B55F-497D-837B-440ED915F8B1}
	EndGlobalSection
EndGlobal
